
Microsoft Visual Studio Solution File, Format Version 12.00
# Visual Studio Version 16
VisualStudioVersion = 16.0.29424.173
MinimumVisualStudioVersion = 10.0.40219.1
Project("{9A19103F-16F7-4668-BE54-9A1E7A4F7556}") = "BlazorEmployeeEFCore", "BlazorEmployeeEFCore\BlazorEmployeeEFCore.csproj", "{F9C7BE56-6C10-40F0-81E1-468F85B3DDA1}"
EndProject
Global
	GlobalSection(SolutionConfigurationPlatforms) = preSolution
		Debug|Any CPU = Debug|Any CPU
		Release|Any CPU = Release|Any CPU
	EndGlobalSection
	GlobalSection(ProjectConfigurationPlatforms) = postSolution
		{F9C7BE56-6C10-40F0-81E1-468F85B3DDA1}.Debug|Any CPU.ActiveCfg = Debug|Any CPU
		{F9C7BE56-6C10-40F0-81E1-468F85B3DDA1}.Debug|Any CPU.Build.0 = Debug|Any CPU
		{F9C7BE56-6C10-40F0-81E1-468F85B3DDA1}.Release|Any CPU.ActiveCfg = Release|Any CPU
		{F9C7BE56-6C10-40F0-81E1-468F85B3DDA1}.Release|Any CPU.Build.0 = Release|Any CPU
	EndGlobalSection
	GlobalSection(SolutionProperties) = preSolution
		HideSolutionNode = FALSE
	EndGlobalSection
	GlobalSection(ExtensibilityGlobals) = postSolution
		SolutionGuid = {0763F704-80CD-4448-A055-6DDAFD8A8C69}
	EndGlobalSection
EndGlobal
